// !$*UTF8*$!
{
	archiveVersion = 1;
	classes = {
	};
	objectVersion = 51;
	objects = {

/* Begin PBXBuildFile section */
		7A48589425AA5FB200ED8778 /* UserModel.swift in Sources */ = {isa = PBXBuildFile; fileRef = 7A48589325AA5FB200ED8778 /* UserModel.swift */; };
		7A535EC925A644930047E42D /* AppDelegate.swift in Sources */ = {isa = PBXBuildFile; fileRef = 7A535EC825A644930047E42D /* AppDelegate.swift */; };
		7A535ECB25A644930047E42D /* SceneDelegate.swift in Sources */ = {isa = PBXBuildFile; fileRef = 7A535ECA25A644930047E42D /* SceneDelegate.swift */; };
		7A535ECD25A644930047E42D /* OpeningScreenViewController.swift in Sources */ = {isa = PBXBuildFile; fileRef = 7A535ECC25A644930047E42D /* OpeningScreenViewController.swift */; };
		7A535ED025A644930047E42D /* Main.storyboard in Resources */ = {isa = PBXBuildFile; fileRef = 7A535ECE25A644930047E42D /* Main.storyboard */; };
		7A535ED225A644950047E42D /* Assets.xcassets in Resources */ = {isa = PBXBuildFile; fileRef = 7A535ED125A644950047E42D /* Assets.xcassets */; };
		7A535ED525A644950047E42D /* LaunchScreen.storyboard in Resources */ = {isa = PBXBuildFile; fileRef = 7A535ED325A644950047E42D /* LaunchScreen.storyboard */; };
		7A535EE125A650800047E42D /* UIViewExtension.swift in Sources */ = {isa = PBXBuildFile; fileRef = 7A535EE025A650800047E42D /* UIViewExtension.swift */; };
		7A535EEA25A6DFB60047E42D /* UIButtonExtension.swift in Sources */ = {isa = PBXBuildFile; fileRef = 7A535EE925A6DFB60047E42D /* UIButtonExtension.swift */; };
		7A68E0D325A6F6060032E87B /* GameLoginScreenViewController.swift in Sources */ = {isa = PBXBuildFile; fileRef = 7A68E0D225A6F6060032E87B /* GameLoginScreenViewController.swift */; };
		7A68E0D725A6F8A90032E87B /* HighScoreScreenViewController.swift in Sources */ = {isa = PBXBuildFile; fileRef = 7A68E0D625A6F8A90032E87B /* HighScoreScreenViewController.swift */; };
		7A68E0DA25A6F9C30032E87B /* SettingsScreenViewController.swift in Sources */ = {isa = PBXBuildFile; fileRef = 7A68E0D925A6F9C30032E87B /* SettingsScreenViewController.swift */; };
		7A68E0DE25A70EBA0032E87B /* BaseLabel.swift in Sources */ = {isa = PBXBuildFile; fileRef = 7A68E0DD25A70EBA0032E87B /* BaseLabel.swift */; };
		7A68E0E125A715C10032E87B /* BaseButton.swift in Sources */ = {isa = PBXBuildFile; fileRef = 7A68E0E025A715C10032E87B /* BaseButton.swift */; };
		7A68E0E425A717C20032E87B /* BaseView.swift in Sources */ = {isa = PBXBuildFile; fileRef = 7A68E0E325A717C20032E87B /* BaseView.swift */; };
		7A68E0E725A7196A0032E87B /* GoToGameButton.swift in Sources */ = {isa = PBXBuildFile; fileRef = 7A68E0E625A7196A0032E87B /* GoToGameButton.swift */; };
		7A68E0EA25A71BF70032E87B /* UILabelExtension.swift in Sources */ = {isa = PBXBuildFile; fileRef = 7A68E0E925A71BF70032E87B /* UILabelExtension.swift */; };
		7A68E0F125A730B00032E87B /* BaseViewController.swift in Sources */ = {isa = PBXBuildFile; fileRef = 7A68E0F025A730B00032E87B /* BaseViewController.swift */; };
		7A68E0F725A736A00032E87B /* GamePlayScreenViewController.swift in Sources */ = {isa = PBXBuildFile; fileRef = 7A68E0F625A736A00032E87B /* GamePlayScreenViewController.swift */; };
		7A68E10425A748450032E87B /* TriviaCategoryModel.swift in Sources */ = {isa = PBXBuildFile; fileRef = 7A68E10325A748450032E87B /* TriviaCategoryModel.swift */; };
		7A68E10725A748B40032E87B /* TriviaCategory.swift in Sources */ = {isa = PBXBuildFile; fileRef = 7A68E10625A748B40032E87B /* TriviaCategory.swift */; };
		7A68E11025A868010032E87B /* MenuButton.swift in Sources */ = {isa = PBXBuildFile; fileRef = 7A68E10F25A868010032E87B /* MenuButton.swift */; };
		7A68E11325A868CF0032E87B /* InGameButton.swift in Sources */ = {isa = PBXBuildFile; fileRef = 7A68E11225A868CF0032E87B /* InGameButton.swift */; };
		7A68E11C25A87C530032E87B /* TriviaQuestionModel.swift in Sources */ = {isa = PBXBuildFile; fileRef = 7A68E11B25A87C530032E87B /* TriviaQuestionModel.swift */; };
		7A68E11F25A87C890032E87B /* TriviaQuestion.swift in Sources */ = {isa = PBXBuildFile; fileRef = 7A68E11E25A87C890032E87B /* TriviaQuestion.swift */; };
		7A68E12325A91C4D0032E87B /* ConclusionScreenViewController.swift in Sources */ = {isa = PBXBuildFile; fileRef = 7A68E12225A91C4D0032E87B /* ConclusionScreenViewController.swift */; };
		7AAA10A225AC2D6300507F1A /* BackgroundMusic.swift in Sources */ = {isa = PBXBuildFile; fileRef = 7AAA10A125AC2D6300507F1A /* BackgroundMusic.swift */; };
		7AAA10A625AC34D900507F1A /* backgroundmusic.mp3 in Resources */ = {isa = PBXBuildFile; fileRef = 7AAA10A525AC34D900507F1A /* backgroundmusic.mp3 */; };
		7AAA10A925AC636B00507F1A /* BackgroundMusicSwitchStatus.swift in Sources */ = {isa = PBXBuildFile; fileRef = 7AAA10A825AC636B00507F1A /* BackgroundMusicSwitchStatus.swift */; };
		872EB205F2624898B8FE01DC /* Pods_WhoKnowsGameProject.framework in Frameworks */ = {isa = PBXBuildFile; fileRef = BBB8776AA40EB217A17B0A2B /* Pods_WhoKnowsGameProject.framework */; };
/* End PBXBuildFile section */

/* Begin PBXFileReference section */
		7A48589325AA5FB200ED8778 /* UserModel.swift */ = {isa = PBXFileReference; lastKnownFileType = sourcecode.swift; path = UserModel.swift; sourceTree = "<group>"; };
		7A535EC525A644930047E42D /* WhoKnowsGameProject.app */ = {isa = PBXFileReference; explicitFileType = wrapper.application; includeInIndex = 0; path = WhoKnowsGameProject.app; sourceTree = BUILT_PRODUCTS_DIR; };
		7A535EC825A644930047E42D /* AppDelegate.swift */ = {isa = PBXFileReference; lastKnownFileType = sourcecode.swift; path = AppDelegate.swift; sourceTree = "<group>"; };
		7A535ECA25A644930047E42D /* SceneDelegate.swift */ = {isa = PBXFileReference; lastKnownFileType = sourcecode.swift; path = SceneDelegate.swift; sourceTree = "<group>"; };
		7A535ECC25A644930047E42D /* OpeningScreenViewController.swift */ = {isa = PBXFileReference; lastKnownFileType = sourcecode.swift; path = OpeningScreenViewController.swift; sourceTree = "<group>"; };
		7A535ECF25A644930047E42D /* Base */ = {isa = PBXFileReference; lastKnownFileType = file.storyboard; name = Base; path = Base.lproj/Main.storyboard; sourceTree = "<group>"; };
		7A535ED125A644950047E42D /* Assets.xcassets */ = {isa = PBXFileReference; lastKnownFileType = folder.assetcatalog; path = Assets.xcassets; sourceTree = "<group>"; };
		7A535ED425A644950047E42D /* Base */ = {isa = PBXFileReference; lastKnownFileType = file.storyboard; name = Base; path = Base.lproj/LaunchScreen.storyboard; sourceTree = "<group>"; };
		7A535ED625A644950047E42D /* Info.plist */ = {isa = PBXFileReference; lastKnownFileType = text.plist.xml; path = Info.plist; sourceTree = "<group>"; };
		7A535EE025A650800047E42D /* UIViewExtension.swift */ = {isa = PBXFileReference; lastKnownFileType = sourcecode.swift; path = UIViewExtension.swift; sourceTree = "<group>"; };
		7A535EE925A6DFB60047E42D /* UIButtonExtension.swift */ = {isa = PBXFileReference; lastKnownFileType = sourcecode.swift; path = UIButtonExtension.swift; sourceTree = "<group>"; };
		7A68E0D225A6F6060032E87B /* GameLoginScreenViewController.swift */ = {isa = PBXFileReference; lastKnownFileType = sourcecode.swift; path = GameLoginScreenViewController.swift; sourceTree = "<group>"; };
		7A68E0D625A6F8A90032E87B /* HighScoreScreenViewController.swift */ = {isa = PBXFileReference; lastKnownFileType = sourcecode.swift; path = HighScoreScreenViewController.swift; sourceTree = "<group>"; };
		7A68E0D925A6F9C30032E87B /* SettingsScreenViewController.swift */ = {isa = PBXFileReference; lastKnownFileType = sourcecode.swift; path = SettingsScreenViewController.swift; sourceTree = "<group>"; };
		7A68E0DD25A70EBA0032E87B /* BaseLabel.swift */ = {isa = PBXFileReference; lastKnownFileType = sourcecode.swift; path = BaseLabel.swift; sourceTree = "<group>"; };
		7A68E0E025A715C10032E87B /* BaseButton.swift */ = {isa = PBXFileReference; lastKnownFileType = sourcecode.swift; path = BaseButton.swift; sourceTree = "<group>"; };
		7A68E0E325A717C20032E87B /* BaseView.swift */ = {isa = PBXFileReference; lastKnownFileType = sourcecode.swift; path = BaseView.swift; sourceTree = "<group>"; };
		7A68E0E625A7196A0032E87B /* GoToGameButton.swift */ = {isa = PBXFileReference; lastKnownFileType = sourcecode.swift; path = GoToGameButton.swift; sourceTree = "<group>"; };
		7A68E0E925A71BF70032E87B /* UILabelExtension.swift */ = {isa = PBXFileReference; lastKnownFileType = sourcecode.swift; path = UILabelExtension.swift; sourceTree = "<group>"; };
		7A68E0F025A730B00032E87B /* BaseViewController.swift */ = {isa = PBXFileReference; lastKnownFileType = sourcecode.swift; path = BaseViewController.swift; sourceTree = "<group>"; };
		7A68E0F625A736A00032E87B /* GamePlayScreenViewController.swift */ = {isa = PBXFileReference; lastKnownFileType = sourcecode.swift; path = GamePlayScreenViewController.swift; sourceTree = "<group>"; };
		7A68E10325A748450032E87B /* TriviaCategoryModel.swift */ = {isa = PBXFileReference; lastKnownFileType = sourcecode.swift; path = TriviaCategoryModel.swift; sourceTree = "<group>"; };
		7A68E10625A748B40032E87B /* TriviaCategory.swift */ = {isa = PBXFileReference; lastKnownFileType = sourcecode.swift; path = TriviaCategory.swift; sourceTree = "<group>"; };
		7A68E10F25A868010032E87B /* MenuButton.swift */ = {isa = PBXFileReference; lastKnownFileType = sourcecode.swift; path = MenuButton.swift; sourceTree = "<group>"; };
		7A68E11225A868CF0032E87B /* InGameButton.swift */ = {isa = PBXFileReference; lastKnownFileType = sourcecode.swift; path = InGameButton.swift; sourceTree = "<group>"; };
		7A68E11B25A87C530032E87B /* TriviaQuestionModel.swift */ = {isa = PBXFileReference; lastKnownFileType = sourcecode.swift; path = TriviaQuestionModel.swift; sourceTree = "<group>"; };
		7A68E11E25A87C890032E87B /* TriviaQuestion.swift */ = {isa = PBXFileReference; lastKnownFileType = sourcecode.swift; path = TriviaQuestion.swift; sourceTree = "<group>"; };
		7A68E12225A91C4D0032E87B /* ConclusionScreenViewController.swift */ = {isa = PBXFileReference; lastKnownFileType = sourcecode.swift; path = ConclusionScreenViewController.swift; sourceTree = "<group>"; };
		7AAA10A125AC2D6300507F1A /* BackgroundMusic.swift */ = {isa = PBXFileReference; lastKnownFileType = sourcecode.swift; path = BackgroundMusic.swift; sourceTree = "<group>"; };
		7AAA10A525AC34D900507F1A /* backgroundmusic.mp3 */ = {isa = PBXFileReference; lastKnownFileType = audio.mp3; path = backgroundmusic.mp3; sourceTree = "<group>"; };
		7AAA10A825AC636B00507F1A /* BackgroundMusicSwitchStatus.swift */ = {isa = PBXFileReference; lastKnownFileType = sourcecode.swift; path = BackgroundMusicSwitchStatus.swift; sourceTree = "<group>"; };
		BBB8776AA40EB217A17B0A2B /* Pods_WhoKnowsGameProject.framework */ = {isa = PBXFileReference; explicitFileType = wrapper.framework; includeInIndex = 0; path = Pods_WhoKnowsGameProject.framework; sourceTree = BUILT_PRODUCTS_DIR; };
		CD8DF03A28F4F2BAD089B198 /* Pods-WhoKnowsGameProject.debug.xcconfig */ = {isa = PBXFileReference; includeInIndex = 1; lastKnownFileType = text.xcconfig; name = "Pods-WhoKnowsGameProject.debug.xcconfig"; path = "Target Support Files/Pods-WhoKnowsGameProject/Pods-WhoKnowsGameProject.debug.xcconfig"; sourceTree = "<group>"; };
		DAC1E53D995DCD3268206FB8 /* Pods-WhoKnowsGameProject.release.xcconfig */ = {isa = PBXFileReference; includeInIndex = 1; lastKnownFileType = text.xcconfig; name = "Pods-WhoKnowsGameProject.release.xcconfig"; path = "Target Support Files/Pods-WhoKnowsGameProject/Pods-WhoKnowsGameProject.release.xcconfig"; sourceTree = "<group>"; };
/* End PBXFileReference section */

/* Begin PBXFrameworksBuildPhase section */
		7A535EC225A644930047E42D /* Frameworks */ = {
			isa = PBXFrameworksBuildPhase;
			buildActionMask = 2147483647;
			files = (
				872EB205F2624898B8FE01DC /* Pods_WhoKnowsGameProject.framework in Frameworks */,
			);
			runOnlyForDeploymentPostprocessing = 0;
		};
/* End PBXFrameworksBuildPhase section */

/* Begin PBXGroup section */
		33A78CE36409BA6AA24816DE /* Frameworks */ = {
			isa = PBXGroup;
			children = (
				BBB8776AA40EB217A17B0A2B /* Pods_WhoKnowsGameProject.framework */,
			);
			name = Frameworks;
			sourceTree = "<group>";
		};
		7A48589225AA5FA000ED8778 /* UserModels */ = {
			isa = PBXGroup;
			children = (
				7A48589325AA5FB200ED8778 /* UserModel.swift */,
			);
			path = UserModels;
			sourceTree = "<group>";
		};
		7A4858BD25AB662300ED8778 /* CategoryModels */ = {
			isa = PBXGroup;
			children = (
				7A68E10325A748450032E87B /* TriviaCategoryModel.swift */,
				7A68E10625A748B40032E87B /* TriviaCategory.swift */,
			);
			path = CategoryModels;
			sourceTree = "<group>";
		};
		7A4858BE25AB663600ED8778 /* QuestionModels */ = {
			isa = PBXGroup;
			children = (
				7A68E11B25A87C530032E87B /* TriviaQuestionModel.swift */,
				7A68E11E25A87C890032E87B /* TriviaQuestion.swift */,
			);
			path = QuestionModels;
			sourceTree = "<group>";
		};
		7A4858BF25AB667600ED8778 /* Views */ = {
			isa = PBXGroup;
			children = (
				7A535ECE25A644930047E42D /* Main.storyboard */,
				7A535ED325A644950047E42D /* LaunchScreen.storyboard */,
			);
			path = Views;
			sourceTree = "<group>";
		};
		7A535EBC25A644930047E42D = {
			isa = PBXGroup;
			children = (
				7A535EC725A644930047E42D /* WhoKnowsGameProject */,
				7A535EC625A644930047E42D /* Products */,
				CDC990BC035F6E5761292CB3 /* Pods */,
				33A78CE36409BA6AA24816DE /* Frameworks */,
			);
			sourceTree = "<group>";
		};
		7A535EC625A644930047E42D /* Products */ = {
			isa = PBXGroup;
			children = (
				7A535EC525A644930047E42D /* WhoKnowsGameProject.app */,
			);
			name = Products;
			sourceTree = "<group>";
		};
		7A535EC725A644930047E42D /* WhoKnowsGameProject */ = {
			isa = PBXGroup;
			children = (
				7A68E11625A86C600032E87B /* Helpers */,
				7A535EDF25A6506E0047E42D /* Extensions */,
				7A68E0DC25A70EA70032E87B /* BaseComponents */,
				7A68E0F325A730E60032E87B /* Models */,
				7A68E0D125A6F5DF0032E87B /* Controllers */,
				7A4858BF25AB667600ED8778 /* Views */,
				7AAA10A425AC349500507F1A /* Audios */,
				7A535EC825A644930047E42D /* AppDelegate.swift */,
				7A535ECA25A644930047E42D /* SceneDelegate.swift */,
				7A535ED125A644950047E42D /* Assets.xcassets */,
				7A535ED625A644950047E42D /* Info.plist */,
			);
			path = WhoKnowsGameProject;
			sourceTree = "<group>";
		};
		7A535EDF25A6506E0047E42D /* Extensions */ = {
			isa = PBXGroup;
			children = (
				7A535EE025A650800047E42D /* UIViewExtension.swift */,
				7A535EE925A6DFB60047E42D /* UIButtonExtension.swift */,
				7A68E0E925A71BF70032E87B /* UILabelExtension.swift */,
			);
			path = Extensions;
			sourceTree = "<group>";
		};
		7A68E0D125A6F5DF0032E87B /* Controllers */ = {
			isa = PBXGroup;
			children = (
				7A535ECC25A644930047E42D /* OpeningScreenViewController.swift */,
				7A68E0D225A6F6060032E87B /* GameLoginScreenViewController.swift */,
				7A68E0F625A736A00032E87B /* GamePlayScreenViewController.swift */,
				7A68E12225A91C4D0032E87B /* ConclusionScreenViewController.swift */,
				7A68E0D625A6F8A90032E87B /* HighScoreScreenViewController.swift */,
				7A68E0D925A6F9C30032E87B /* SettingsScreenViewController.swift */,
			);
			path = Controllers;
			sourceTree = "<group>";
		};
		7A68E0DC25A70EA70032E87B /* BaseComponents */ = {
			isa = PBXGroup;
			children = (
				7A68E0F025A730B00032E87B /* BaseViewController.swift */,
				7A68E0E325A717C20032E87B /* BaseView.swift */,
				7A68E0DD25A70EBA0032E87B /* BaseLabel.swift */,
				7A68E0E025A715C10032E87B /* BaseButton.swift */,
			);
			path = BaseComponents;
			sourceTree = "<group>";
		};
		7A68E0F325A730E60032E87B /* Models */ = {
			isa = PBXGroup;
			children = (
				7A48589225AA5FA000ED8778 /* UserModels */,
				7A68E12625A9E6980032E87B /* ButtonModels */,
				7A68E12725A9E6B00032E87B /* ServiceModels */,
			);
			path = Models;
			sourceTree = "<group>";
		};
		7A68E11625A86C600032E87B /* Helpers */ = {
			isa = PBXGroup;
			children = (
				7AAA10A125AC2D6300507F1A /* BackgroundMusic.swift */,
				7AAA10A825AC636B00507F1A /* BackgroundMusicSwitchStatus.swift */,
			);
			path = Helpers;
			sourceTree = "<group>";
		};
		7A68E12625A9E6980032E87B /* ButtonModels */ = {
			isa = PBXGroup;
			children = (
				7A68E10F25A868010032E87B /* MenuButton.swift */,
				7A68E0E625A7196A0032E87B /* GoToGameButton.swift */,
				7A68E11225A868CF0032E87B /* InGameButton.swift */,
			);
			path = ButtonModels;
			sourceTree = "<group>";
		};
		7A68E12725A9E6B00032E87B /* ServiceModels */ = {
			isa = PBXGroup;
			children = (
				7A4858BD25AB662300ED8778 /* CategoryModels */,
				7A4858BE25AB663600ED8778 /* QuestionModels */,
			);
			path = ServiceModels;
			sourceTree = "<group>";
		};
		7AAA10A425AC349500507F1A /* Audios */ = {
			isa = PBXGroup;
			children = (
				7AAA10A525AC34D900507F1A /* backgroundmusic.mp3 */,
			);
			path = Audios;
			sourceTree = "<group>";
		};
		CDC990BC035F6E5761292CB3 /* Pods */ = {
			isa = PBXGroup;
			children = (
				CD8DF03A28F4F2BAD089B198 /* Pods-WhoKnowsGameProject.debug.xcconfig */,
				DAC1E53D995DCD3268206FB8 /* Pods-WhoKnowsGameProject.release.xcconfig */,
			);
			path = Pods;
			sourceTree = "<group>";
		};
/* End PBXGroup section */

/* Begin PBXNativeTarget section */
		7A535EC425A644930047E42D /* WhoKnowsGameProject */ = {
			isa = PBXNativeTarget;
			buildConfigurationList = 7A535ED925A644950047E42D /* Build configuration list for PBXNativeTarget "WhoKnowsGameProject" */;
			buildPhases = (
				C13E16545498803A559D9AEE /* [CP] Check Pods Manifest.lock */,
				7A535EC125A644930047E42D /* Sources */,
				7A535EC225A644930047E42D /* Frameworks */,
				7A535EC325A644930047E42D /* Resources */,
				23393C6DBAF7FF2012FFD140 /* [CP] Embed Pods Frameworks */,
			);
			buildRules = (
			);
			dependencies = (
			);
			name = WhoKnowsGameProject;
			productName = WhoKnowsGameProject;
			productReference = 7A535EC525A644930047E42D /* WhoKnowsGameProject.app */;
			productType = "com.apple.product-type.application";
		};
/* End PBXNativeTarget section */

/* Begin PBXProject section */
		7A535EBD25A644930047E42D /* Project object */ = {
			isa = PBXProject;
			attributes = {
				LastSwiftUpdateCheck = 1230;
				LastUpgradeCheck = 1230;
				TargetAttributes = {
					7A535EC425A644930047E42D = {
						CreatedOnToolsVersion = 12.3;
					};
				};
			};
			buildConfigurationList = 7A535EC025A644930047E42D /* Build configuration list for PBXProject "WhoKnowsGameProject" */;
			compatibilityVersion = "Xcode 9.3";
			developmentRegion = en;
			hasScannedForEncodings = 0;
			knownRegions = (
				en,
				Base,
			);
			mainGroup = 7A535EBC25A644930047E42D;
			productRefGroup = 7A535EC625A644930047E42D /* Products */;
			projectDirPath = "";
			projectRoot = "";
			targets = (
				7A535EC425A644930047E42D /* WhoKnowsGameProject */,
			);
		};
/* End PBXProject section */

/* Begin PBXResourcesBuildPhase section */
		7A535EC325A644930047E42D /* Resources */ = {
			isa = PBXResourcesBuildPhase;
			buildActionMask = 2147483647;
			files = (
				7A535ED525A644950047E42D /* LaunchScreen.storyboard in Resources */,
				7A535ED225A644950047E42D /* Assets.xcassets in Resources */,
				7AAA10A625AC34D900507F1A /* backgroundmusic.mp3 in Resources */,
				7A535ED025A644930047E42D /* Main.storyboard in Resources */,
			);
			runOnlyForDeploymentPostprocessing = 0;
		};
/* End PBXResourcesBuildPhase section */

/* Begin PBXShellScriptBuildPhase section */
		23393C6DBAF7FF2012FFD140 /* [CP] Embed Pods Frameworks */ = {
			isa = PBXShellScriptBuildPhase;
			buildActionMask = 2147483647;
			files = (
			);
			inputFileListPaths = (
				"${PODS_ROOT}/Target Support Files/Pods-WhoKnowsGameProject/Pods-WhoKnowsGameProject-frameworks-${CONFIGURATION}-input-files.xcfilelist",
			);
			name = "[CP] Embed Pods Frameworks";
			outputFileListPaths = (
				"${PODS_ROOT}/Target Support Files/Pods-WhoKnowsGameProject/Pods-WhoKnowsGameProject-frameworks-${CONFIGURATION}-output-files.xcfilelist",
			);
			runOnlyForDeploymentPostprocessing = 0;
			shellPath = /bin/sh;
			shellScript = "\"${PODS_ROOT}/Target Support Files/Pods-WhoKnowsGameProject/Pods-WhoKnowsGameProject-frameworks.sh\"\n";
			showEnvVarsInLog = 0;
		};
		C13E16545498803A559D9AEE /* [CP] Check Pods Manifest.lock */ = {
			isa = PBXShellScriptBuildPhase;
			buildActionMask = 2147483647;
			files = (
			);
			inputFileListPaths = (
			);
			inputPaths = (
				"${PODS_PODFILE_DIR_PATH}/Podfile.lock",
				"${PODS_ROOT}/Manifest.lock",
			);
			name = "[CP] Check Pods Manifest.lock";
			outputFileListPaths = (
			);
			outputPaths = (
				"$(DERIVED_FILE_DIR)/Pods-WhoKnowsGameProject-checkManifestLockResult.txt",
			);
			runOnlyForDeploymentPostprocessing = 0;
			shellPath = /bin/sh;
			shellScript = "diff \"${PODS_PODFILE_DIR_PATH}/Podfile.lock\" \"${PODS_ROOT}/Manifest.lock\" > /dev/null\nif [ $? != 0 ] ; then\n    # print error to STDERR\n    echo \"error: The sandbox is not in sync with the Podfile.lock. Run 'pod install' or update your CocoaPods installation.\" >&2\n    exit 1\nfi\n# This output is used by Xcode 'outputs' to avoid re-running this script phase.\necho \"SUCCESS\" > \"${SCRIPT_OUTPUT_FILE_0}\"\n";
			showEnvVarsInLog = 0;
		};
/* End PBXShellScriptBuildPhase section */

/* Begin PBXSourcesBuildPhase section */
		7A535EC125A644930047E42D /* Sources */ = {
			isa = PBXSourcesBuildPhase;
			buildActionMask = 2147483647;
			files = (
				7A68E11C25A87C530032E87B /* TriviaQuestionModel.swift in Sources */,
				7A535ECD25A644930047E42D /* OpeningScreenViewController.swift in Sources */,
				7A68E0E725A7196A0032E87B /* GoToGameButton.swift in Sources */,
				7A68E10425A748450032E87B /* TriviaCategoryModel.swift in Sources */,
				7A68E10725A748B40032E87B /* TriviaCategory.swift in Sources */,
				7A68E0DE25A70EBA0032E87B /* BaseLabel.swift in Sources */,
				7A68E11325A868CF0032E87B /* InGameButton.swift in Sources */,
				7A68E0DA25A6F9C30032E87B /* SettingsScreenViewController.swift in Sources */,
				7A48589425AA5FB200ED8778 /* UserModel.swift in Sources */,
				7A68E0D325A6F6060032E87B /* GameLoginScreenViewController.swift in Sources */,
				7A68E0F125A730B00032E87B /* BaseViewController.swift in Sources */,
				7A535EEA25A6DFB60047E42D /* UIButtonExtension.swift in Sources */,
				7A68E0D725A6F8A90032E87B /* HighScoreScreenViewController.swift in Sources */,
				7A68E0E125A715C10032E87B /* BaseButton.swift in Sources */,
				7A535EC925A644930047E42D /* AppDelegate.swift in Sources */,
				7AAA10A925AC636B00507F1A /* BackgroundMusicSwitchStatus.swift in Sources */,
				7A68E0F725A736A00032E87B /* GamePlayScreenViewController.swift in Sources */,
				7A68E12325A91C4D0032E87B /* ConclusionScreenViewController.swift in Sources */,
				7AAA10A225AC2D6300507F1A /* BackgroundMusic.swift in Sources */,
				7A535EE125A650800047E42D /* UIViewExtension.swift in Sources */,
				7A68E11F25A87C890032E87B /* TriviaQuestion.swift in Sources */,
				7A68E11025A868010032E87B /* MenuButton.swift in Sources */,
				7A68E0E425A717C20032E87B /* BaseView.swift in Sources */,
				7A535ECB25A644930047E42D /* SceneDelegate.swift in Sources */,
				7A68E0EA25A71BF70032E87B /* UILabelExtension.swift in Sources */,
			);
			runOnlyForDeploymentPostprocessing = 0;
		};
/* End PBXSourcesBuildPhase section */

/* Begin PBXVariantGroup section */
		7A535ECE25A644930047E42D /* Main.storyboard */ = {
			isa = PBXVariantGroup;
			children = (
				7A535ECF25A644930047E42D /* Base */,
			);
			name = Main.storyboard;
			sourceTree = "<group>";
		};
		7A535ED325A644950047E42D /* LaunchScreen.storyboard */ = {
			isa = PBXVariantGroup;
			children = (
				7A535ED425A644950047E42D /* Base */,
			);
			name = LaunchScreen.storyboard;
			sourceTree = "<group>";
		};
/* End PBXVariantGroup section */

/* Begin XCBuildConfiguration section */
		7A535ED725A644950047E42D /* Debug */ = {
			isa = XCBuildConfiguration;
			buildSettings = {
				ALWAYS_SEARCH_USER_PATHS = NO;
				CLANG_ANALYZER_NONNULL = YES;
				CLANG_ANALYZER_NUMBER_OBJECT_CONVERSION = YES_AGGRESSIVE;
				CLANG_CXX_LANGUAGE_STANDARD = "gnu++14";
				CLANG_CXX_LIBRARY = "libc++";
				CLANG_ENABLE_MODULES = YES;
				CLANG_ENABLE_OBJC_ARC = YES;
				CLANG_ENABLE_OBJC_WEAK = YES;
				CLANG_WARN_BLOCK_CAPTURE_AUTORELEASING = YES;
				CLANG_WARN_BOOL_CONVERSION = YES;
				CLANG_WARN_COMMA = YES;
				CLANG_WARN_CONSTANT_CONVERSION = YES;
				CLANG_WARN_DEPRECATED_OBJC_IMPLEMENTATIONS = YES;
				CLANG_WARN_DIRECT_OBJC_ISA_USAGE = YES_ERROR;
				CLANG_WARN_DOCUMENTATION_COMMENTS = YES;
				CLANG_WARN_EMPTY_BODY = YES;
				CLANG_WARN_ENUM_CONVERSION = YES;
				CLANG_WARN_INFINITE_RECURSION = YES;
				CLANG_WARN_INT_CONVERSION = YES;
				CLANG_WARN_NON_LITERAL_NULL_CONVERSION = YES;
				CLANG_WARN_OBJC_IMPLICIT_RETAIN_SELF = YES;
				CLANG_WARN_OBJC_LITERAL_CONVERSION = YES;
				CLANG_WARN_OBJC_ROOT_CLASS = YES_ERROR;
				CLANG_WARN_QUOTED_INCLUDE_IN_FRAMEWORK_HEADER = YES;
				CLANG_WARN_RANGE_LOOP_ANALYSIS = YES;
				CLANG_WARN_STRICT_PROTOTYPES = YES;
				CLANG_WARN_SUSPICIOUS_MOVE = YES;
				CLANG_WARN_UNGUARDED_AVAILABILITY = YES_AGGRESSIVE;
				CLANG_WARN_UNREACHABLE_CODE = YES;
				CLANG_WARN__DUPLICATE_METHOD_MATCH = YES;
				COPY_PHASE_STRIP = NO;
				DEBUG_INFORMATION_FORMAT = dwarf;
				ENABLE_STRICT_OBJC_MSGSEND = YES;
				ENABLE_TESTABILITY = YES;
				GCC_C_LANGUAGE_STANDARD = gnu11;
				GCC_DYNAMIC_NO_PIC = NO;
				GCC_NO_COMMON_BLOCKS = YES;
				GCC_OPTIMIZATION_LEVEL = 0;
				GCC_PREPROCESSOR_DEFINITIONS = (
					"DEBUG=1",
					"$(inherited)",
				);
				GCC_WARN_64_TO_32_BIT_CONVERSION = YES;
				GCC_WARN_ABOUT_RETURN_TYPE = YES_ERROR;
				GCC_WARN_UNDECLARED_SELECTOR = YES;
				GCC_WARN_UNINITIALIZED_AUTOS = YES_AGGRESSIVE;
				GCC_WARN_UNUSED_FUNCTION = YES;
				GCC_WARN_UNUSED_VARIABLE = YES;
				IPHONEOS_DEPLOYMENT_TARGET = 14.3;
				MTL_ENABLE_DEBUG_INFO = INCLUDE_SOURCE;
				MTL_FAST_MATH = YES;
				ONLY_ACTIVE_ARCH = YES;
				SDKROOT = iphoneos;
				SWIFT_ACTIVE_COMPILATION_CONDITIONS = DEBUG;
				SWIFT_OPTIMIZATION_LEVEL = "-Onone";
			};
			name = Debug;
		};
		7A535ED825A644950047E42D /* Release */ = {
			isa = XCBuildConfiguration;
			buildSettings = {
				ALWAYS_SEARCH_USER_PATHS = NO;
				CLANG_ANALYZER_NONNULL = YES;
				CLANG_ANALYZER_NUMBER_OBJECT_CONVERSION = YES_AGGRESSIVE;
				CLANG_CXX_LANGUAGE_STANDARD = "gnu++14";
				CLANG_CXX_LIBRARY = "libc++";
				CLANG_ENABLE_MODULES = YES;
				CLANG_ENABLE_OBJC_ARC = YES;
				CLANG_ENABLE_OBJC_WEAK = YES;
				CLANG_WARN_BLOCK_CAPTURE_AUTORELEASING = YES;
				CLANG_WARN_BOOL_CONVERSION = YES;
				CLANG_WARN_COMMA = YES;
				CLANG_WARN_CONSTANT_CONVERSION = YES;
				CLANG_WARN_DEPRECATED_OBJC_IMPLEMENTATIONS = YES;
				CLANG_WARN_DIRECT_OBJC_ISA_USAGE = YES_ERROR;
				CLANG_WARN_DOCUMENTATION_COMMENTS = YES;
				CLANG_WARN_EMPTY_BODY = YES;
				CLANG_WARN_ENUM_CONVERSION = YES;
				CLANG_WARN_INFINITE_RECURSION = YES;
				CLANG_WARN_INT_CONVERSION = YES;
				CLANG_WARN_NON_LITERAL_NULL_CONVERSION = YES;
				CLANG_WARN_OBJC_IMPLICIT_RETAIN_SELF = YES;
				CLANG_WARN_OBJC_LITERAL_CONVERSION = YES;
				CLANG_WARN_OBJC_ROOT_CLASS = YES_ERROR;
				CLANG_WARN_QUOTED_INCLUDE_IN_FRAMEWORK_HEADER = YES;
				CLANG_WARN_RANGE_LOOP_ANALYSIS = YES;
				CLANG_WARN_STRICT_PROTOTYPES = YES;
				CLANG_WARN_SUSPICIOUS_MOVE = YES;
				CLANG_WARN_UNGUARDED_AVAILABILITY = YES_AGGRESSIVE;
				CLANG_WARN_UNREACHABLE_CODE = YES;
				CLANG_WARN__DUPLICATE_METHOD_MATCH = YES;
				COPY_PHASE_STRIP = NO;
				DEBUG_INFORMATION_FORMAT = "dwarf-with-dsym";
				ENABLE_NS_ASSERTIONS = NO;
				ENABLE_STRICT_OBJC_MSGSEND = YES;
				GCC_C_LANGUAGE_STANDARD = gnu11;
				GCC_NO_COMMON_BLOCKS = YES;
				GCC_WARN_64_TO_32_BIT_CONVERSION = YES;
				GCC_WARN_ABOUT_RETURN_TYPE = YES_ERROR;
				GCC_WARN_UNDECLARED_SELECTOR = YES;
				GCC_WARN_UNINITIALIZED_AUTOS = YES_AGGRESSIVE;
				GCC_WARN_UNUSED_FUNCTION = YES;
				GCC_WARN_UNUSED_VARIABLE = YES;
				IPHONEOS_DEPLOYMENT_TARGET = 14.3;
				MTL_ENABLE_DEBUG_INFO = NO;
				MTL_FAST_MATH = YES;
				SDKROOT = iphoneos;
				SWIFT_COMPILATION_MODE = wholemodule;
				SWIFT_OPTIMIZATION_LEVEL = "-O";
				VALIDATE_PRODUCT = YES;
			};
			name = Release;
		};
		7A535EDA25A644950047E42D /* Debug */ = {
			isa = XCBuildConfiguration;
			baseConfigurationReference = CD8DF03A28F4F2BAD089B198 /* Pods-WhoKnowsGameProject.debug.xcconfig */;
			buildSettings = {
				ASSETCATALOG_COMPILER_APPICON_NAME = AppIcon;
				ASSETCATALOG_COMPILER_GLOBAL_ACCENT_COLOR_NAME = AccentColor;
				CODE_SIGN_STYLE = Automatic;
				INFOPLIST_FILE = WhoKnowsGameProject/Info.plist;
				LD_RUNPATH_SEARCH_PATHS = (
					"$(inherited)",
					"@executable_path/Frameworks",
				);
				PRODUCT_BUNDLE_IDENTIFIER = zt.WhoKnowsGameProject;
				PRODUCT_NAME = "$(TARGET_NAME)";
				SWIFT_VERSION = 5.0;
				TARGETED_DEVICE_FAMILY = "1,2";
			};
			name = Debug;
		};
		7A535EDB25A644950047E42D /* Release */ = {
			isa = XCBuildConfiguration;
			baseConfigurationReference = DAC1E53D995DCD3268206FB8 /* Pods-WhoKnowsGameProject.release.xcconfig */;
			buildSettings = {
				ASSETCATALOG_COMPILER_APPICON_NAME = AppIcon;
				ASSETCATALOG_COMPILER_GLOBAL_ACCENT_COLOR_NAME = AccentColor;
				CODE_SIGN_STYLE = Automatic;
				INFOPLIST_FILE = WhoKnowsGameProject/Info.plist;
				LD_RUNPATH_SEARCH_PATHS = (
					"$(inherited)",
					"@executable_path/Frameworks",
				);
				PRODUCT_BUNDLE_IDENTIFIER = zt.WhoKnowsGameProject;
				PRODUCT_NAME = "$(TARGET_NAME)";
				SWIFT_VERSION = 5.0;
				TARGETED_DEVICE_FAMILY = "1,2";
			};
			name = Release;
		};
/* End XCBuildConfiguration section */

/* Begin XCConfigurationList section */
		7A535EC025A644930047E42D /* Build configuration list for PBXProject "WhoKnowsGameProject" */ = {
			isa = XCConfigurationList;
			buildConfigurations = (
				7A535ED725A644950047E42D /* Debug */,
				7A535ED825A644950047E42D /* Release */,
			);
			defaultConfigurationIsVisible = 0;
			defaultConfigurationName = Release;
		};
		7A535ED925A644950047E42D /* Build configuration list for PBXNativeTarget "WhoKnowsGameProject" */ = {
			isa = XCConfigurationList;
			buildConfigurations = (
				7A535EDA25A644950047E42D /* Debug */,
				7A535EDB25A644950047E42D /* Release */,
			);
			defaultConfigurationIsVisible = 0;
			defaultConfigurationName = Release;
		};
/* End XCConfigurationList section */
	};
	rootObject = 7A535EBD25A644930047E42D /* Project object */;
}
